PODS:
  - Alamofire (2.0.2)
  - Fabric (1.6.2)
  - Kingfisher (1.9.1)
  - SSKeychain (1.3.1)
  - SwiftyJSON (2.3.2)
  - TwitterCore (1.14.6):
    - Fabric
  - TwitterKit (1.14.6):
    - TwitterCore (= 1.14.6)

DEPENDENCIES:
  - Alamofire (~> 2.0.2)
  - Fabric
  - Kingfisher (~> 1.4)
  - SSKeychain
  - SwiftyJSON
  - TwitterCore
  - TwitterKit

SPEC CHECKSUMS:
  Alamofire: 8edbab00802a752bb5240cc2abe70e7e881488ad
  Fabric: e8296d4a1abb3c5eed770cc86b311c862f51d340
  Kingfisher: 98fedd5d44d982b331fc7303f9f6144b7d8ba289
  SSKeychain: 04c4ec40f4c3deda524e269bc76e5f30e638a174
  SwiftyJSON: 04ccea08915aa0109039157c7974cf0298da292a
  TwitterCore: 5e9b2d066ceeef53fe611c0c4436cb700f1ed620
  TwitterKit: f67360ee0a5f935f053bf37015652ac157e4eb92

COCOAPODS: 0.38.2
